
Microsoft Visual Studio Solution File, Format Version 12.00
# Visual Studio 14
VisualStudioVersion = 14.0.25420.1
MinimumVisualStudioVersion = 10.0.40219.1
Project("{FAE04EC0-301F-11D3-BF4B-00C04F79EFBC}") = "MegaManager", "MegaManager\MegaManager.csproj", "{C6E6B7D6-9E11-4057-BC6A-BA513F067BB5}"
EndProject
Project("{FAE04EC0-301F-11D3-BF4B-00C04F79EFBC}") = "MegaMercadoLibre", "MegaMercadoLibre\MegaMercadoLibre.csproj", "{26F3EFAC-C144-4FCE-9D99-3526FE91ED43}"
EndProject
Project("{FAE04EC0-301F-11D3-BF4B-00C04F79EFBC}") = "MegaPrestashop", "MegaPrestashop\MegaPrestashop.csproj", "{55DF0858-1161-4C48-8F21-091410427BBA}"
EndProject
Project("{FAE04EC0-301F-11D3-BF4B-00C04F79EFBC}") = "MegaFacebook", "MegaFacebook\MegaFacebook.csproj", "{29614B4E-45C5-48D6-9A42-98C33D08FE6A}"
EndProject
Project("{FAE04EC0-301F-11D3-BF4B-00C04F79EFBC}") = "MegaOLX", "MegaOLX\MegaOLX.csproj", "{8B7F7068-43CD-4088-9702-125D3779ABB2}"
EndProject
Project("{FAE04EC0-301F-11D3-BF4B-00C04F79EFBC}") = "MegaAlamaula", "MegaAlamaula\MegaAlamaula.csproj", "{3D4288F4-3F32-41EB-8EAA-DD58B19FE4AF}"
EndProject
Project("{2150E333-8FDC-42A3-9474-1A3956D46DE8}") = "Plataformas", "Plataformas", "{A5D52C2A-2C84-4CDB-9D92-24DA5B04326A}"
EndProject
Project("{FAE04EC0-301F-11D3-BF4B-00C04F79EFBC}") = "Common", "Common\Common.csproj", "{5B143E98-2EC9-4FEE-B9FD-D10575AEC862}"
EndProject
Global
	GlobalSection(SolutionConfigurationPlatforms) = preSolution
		Debug|Any CPU = Debug|Any CPU
		Release|Any CPU = Release|Any CPU
	EndGlobalSection
	GlobalSection(ProjectConfigurationPlatforms) = postSolution
		{C6E6B7D6-9E11-4057-BC6A-BA513F067BB5}.Debug|Any CPU.ActiveCfg = Debug|Any CPU
		{C6E6B7D6-9E11-4057-BC6A-BA513F067BB5}.Debug|Any CPU.Build.0 = Debug|Any CPU
		{C6E6B7D6-9E11-4057-BC6A-BA513F067BB5}.Release|Any CPU.ActiveCfg = Release|Any CPU
		{C6E6B7D6-9E11-4057-BC6A-BA513F067BB5}.Release|Any CPU.Build.0 = Release|Any CPU
		{26F3EFAC-C144-4FCE-9D99-3526FE91ED43}.Debug|Any CPU.ActiveCfg = Debug|Any CPU
		{26F3EFAC-C144-4FCE-9D99-3526FE91ED43}.Debug|Any CPU.Build.0 = Debug|Any CPU
		{26F3EFAC-C144-4FCE-9D99-3526FE91ED43}.Release|Any CPU.ActiveCfg = Release|Any CPU
		{26F3EFAC-C144-4FCE-9D99-3526FE91ED43}.Release|Any CPU.Build.0 = Release|Any CPU
		{55DF0858-1161-4C48-8F21-091410427BBA}.Debug|Any CPU.ActiveCfg = Debug|Any CPU
		{55DF0858-1161-4C48-8F21-091410427BBA}.Debug|Any CPU.Build.0 = Debug|Any CPU
		{55DF0858-1161-4C48-8F21-091410427BBA}.Release|Any CPU.ActiveCfg = Release|Any CPU
		{55DF0858-1161-4C48-8F21-091410427BBA}.Release|Any CPU.Build.0 = Release|Any CPU
		{29614B4E-45C5-48D6-9A42-98C33D08FE6A}.Debug|Any CPU.ActiveCfg = Debug|Any CPU
		{29614B4E-45C5-48D6-9A42-98C33D08FE6A}.Debug|Any CPU.Build.0 = Debug|Any CPU
		{29614B4E-45C5-48D6-9A42-98C33D08FE6A}.Release|Any CPU.ActiveCfg = Release|Any CPU
		{29614B4E-45C5-48D6-9A42-98C33D08FE6A}.Release|Any CPU.Build.0 = Release|Any CPU
		{8B7F7068-43CD-4088-9702-125D3779ABB2}.Debug|Any CPU.ActiveCfg = Debug|Any CPU
		{8B7F7068-43CD-4088-9702-125D3779ABB2}.Debug|Any CPU.Build.0 = Debug|Any CPU
		{8B7F7068-43CD-4088-9702-125D3779ABB2}.Release|Any CPU.ActiveCfg = Release|Any CPU
		{8B7F7068-43CD-4088-9702-125D3779ABB2}.Release|Any CPU.Build.0 = Release|Any CPU
		{3D4288F4-3F32-41EB-8EAA-DD58B19FE4AF}.Debug|Any CPU.ActiveCfg = Debug|Any CPU
		{3D4288F4-3F32-41EB-8EAA-DD58B19FE4AF}.Debug|Any CPU.Build.0 = Debug|Any CPU
		{3D4288F4-3F32-41EB-8EAA-DD58B19FE4AF}.Release|Any CPU.ActiveCfg = Release|Any CPU
		{3D4288F4-3F32-41EB-8EAA-DD58B19FE4AF}.Release|Any CPU.Build.0 = Release|Any CPU
		{5B143E98-2EC9-4FEE-B9FD-D10575AEC862}.Debug|Any CPU.ActiveCfg = Debug|Any CPU
		{5B143E98-2EC9-4FEE-B9FD-D10575AEC862}.Debug|Any CPU.Build.0 = Debug|Any CPU
		{5B143E98-2EC9-4FEE-B9FD-D10575AEC862}.Release|Any CPU.ActiveCfg = Release|Any CPU
		{5B143E98-2EC9-4FEE-B9FD-D10575AEC862}.Release|Any CPU.Build.0 = Release|Any CPU
	EndGlobalSection
	GlobalSection(SolutionProperties) = preSolution
		HideSolutionNode = FALSE
	EndGlobalSection
	GlobalSection(NestedProjects) = preSolution
		{26F3EFAC-C144-4FCE-9D99-3526FE91ED43} = {A5D52C2A-2C84-4CDB-9D92-24DA5B04326A}
		{55DF0858-1161-4C48-8F21-091410427BBA} = {A5D52C2A-2C84-4CDB-9D92-24DA5B04326A}
		{29614B4E-45C5-48D6-9A42-98C33D08FE6A} = {A5D52C2A-2C84-4CDB-9D92-24DA5B04326A}
		{8B7F7068-43CD-4088-9702-125D3779ABB2} = {A5D52C2A-2C84-4CDB-9D92-24DA5B04326A}
		{3D4288F4-3F32-41EB-8EAA-DD58B19FE4AF} = {A5D52C2A-2C84-4CDB-9D92-24DA5B04326A}
		{5B143E98-2EC9-4FEE-B9FD-D10575AEC862} = {A5D52C2A-2C84-4CDB-9D92-24DA5B04326A}
	EndGlobalSection
EndGlobal
